// !$*UTF8*$!
{
	archiveVersion = 1;
	classes = {
	};
	objectVersion = 48;
	objects = {

/* Begin PBXBuildFile section */
		27343F4E2059569B002140B8 /* AppDelegate.m in Sources */ = {isa = PBXBuildFile; fileRef = 27343F4D2059569B002140B8 /* AppDelegate.m */; };
		27343F562059569B002140B8 /* Assets.xcassets in Resources */ = {isa = PBXBuildFile; fileRef = 27343F552059569B002140B8 /* Assets.xcassets */; };
		27343F592059569B002140B8 /* LaunchScreen.storyboard in Resources */ = {isa = PBXBuildFile; fileRef = 27343F572059569B002140B8 /* LaunchScreen.storyboard */; };
		27343F5C2059569B002140B8 /* main.m in Sources */ = {isa = PBXBuildFile; fileRef = 27343F5B2059569B002140B8 /* main.m */; };
		27343F6820595710002140B8 /* FatherDashboardViewController.m in Sources */ = {isa = PBXBuildFile; fileRef = 27343F6720595710002140B8 /* FatherDashboardViewController.m */; };
		27343F6A2059571C002140B8 /* FatherDashboard.storyboard in Resources */ = {isa = PBXBuildFile; fileRef = 27343F692059571C002140B8 /* FatherDashboard.storyboard */; };
		27A6CDE92059650B00D6A105 /* ACCircularProgressBarView.m in Sources */ = {isa = PBXBuildFile; fileRef = 27A6CDE82059650B00D6A105 /* ACCircularProgressBarView.m */; };
		27B3A29D20595C0100C6C429 /* ItauText_A_XBd.ttf in Resources */ = {isa = PBXBuildFile; fileRef = 27B3A29820595BFF00C6C429 /* ItauText_A_XBd.ttf */; };
		27B3A29E20595C0100C6C429 /* ItauText_A_Lt.ttf in Resources */ = {isa = PBXBuildFile; fileRef = 27B3A29920595C0000C6C429 /* ItauText_A_Lt.ttf */; };
		27B3A29F20595C0100C6C429 /* ItauText_A_Rg.ttf in Resources */ = {isa = PBXBuildFile; fileRef = 27B3A29A20595C0000C6C429 /* ItauText_A_Rg.ttf */; };
		27B3A2A020595C0100C6C429 /* ItauText_A_Bd.ttf in Resources */ = {isa = PBXBuildFile; fileRef = 27B3A29B20595C0000C6C429 /* ItauText_A_Bd.ttf */; };
		27B3A2A120595C0100C6C429 /* itaufonts_master_24px_v1.ttf in Resources */ = {isa = PBXBuildFile; fileRef = 27B3A29C20595C0000C6C429 /* itaufonts_master_24px_v1.ttf */; };
/* End PBXBuildFile section */

/* Begin PBXFileReference section */
		27343F492059569B002140B8 /* i9 dashboard.app */ = {isa = PBXFileReference; explicitFileType = wrapper.application; includeInIndex = 0; path = "i9 dashboard.app"; sourceTree = BUILT_PRODUCTS_DIR; };
		27343F4C2059569B002140B8 /* AppDelegate.h */ = {isa = PBXFileReference; lastKnownFileType = sourcecode.c.h; path = AppDelegate.h; sourceTree = "<group>"; };
		27343F4D2059569B002140B8 /* AppDelegate.m */ = {isa = PBXFileReference; lastKnownFileType = sourcecode.c.objc; path = AppDelegate.m; sourceTree = "<group>"; };
		27343F552059569B002140B8 /* Assets.xcassets */ = {isa = PBXFileReference; lastKnownFileType = folder.assetcatalog; path = Assets.xcassets; sourceTree = "<group>"; };
		27343F582059569B002140B8 /* Base */ = {isa = PBXFileReference; lastKnownFileType = file.storyboard; name = Base; path = Base.lproj/LaunchScreen.storyboard; sourceTree = "<group>"; };
		27343F5A2059569B002140B8 /* Info.plist */ = {isa = PBXFileReference; lastKnownFileType = text.plist.xml; path = Info.plist; sourceTree = "<group>"; };
		27343F5B2059569B002140B8 /* main.m */ = {isa = PBXFileReference; lastKnownFileType = sourcecode.c.objc; path = main.m; sourceTree = "<group>"; };
		27343F6620595710002140B8 /* FatherDashboardViewController.h */ = {isa = PBXFileReference; lastKnownFileType = sourcecode.c.h; path = FatherDashboardViewController.h; sourceTree = "<group>"; };
		27343F6720595710002140B8 /* FatherDashboardViewController.m */ = {isa = PBXFileReference; lastKnownFileType = sourcecode.c.objc; path = FatherDashboardViewController.m; sourceTree = "<group>"; };
		27343F692059571C002140B8 /* FatherDashboard.storyboard */ = {isa = PBXFileReference; lastKnownFileType = file.storyboard; path = FatherDashboard.storyboard; sourceTree = "<group>"; };
		27A6CDE72059650B00D6A105 /* ACCircularProgressBarView.h */ = {isa = PBXFileReference; fileEncoding = 4; lastKnownFileType = sourcecode.c.h; path = ACCircularProgressBarView.h; sourceTree = "<group>"; };
		27A6CDE82059650B00D6A105 /* ACCircularProgressBarView.m */ = {isa = PBXFileReference; fileEncoding = 4; lastKnownFileType = sourcecode.c.objc; path = ACCircularProgressBarView.m; sourceTree = "<group>"; };
		27B3A29820595BFF00C6C429 /* ItauText_A_XBd.ttf */ = {isa = PBXFileReference; lastKnownFileType = file; path = ItauText_A_XBd.ttf; sourceTree = "<group>"; };
		27B3A29920595C0000C6C429 /* ItauText_A_Lt.ttf */ = {isa = PBXFileReference; lastKnownFileType = file; path = ItauText_A_Lt.ttf; sourceTree = "<group>"; };
		27B3A29A20595C0000C6C429 /* ItauText_A_Rg.ttf */ = {isa = PBXFileReference; lastKnownFileType = file; path = ItauText_A_Rg.ttf; sourceTree = "<group>"; };
		27B3A29B20595C0000C6C429 /* ItauText_A_Bd.ttf */ = {isa = PBXFileReference; lastKnownFileType = file; path = ItauText_A_Bd.ttf; sourceTree = "<group>"; };
		27B3A29C20595C0000C6C429 /* itaufonts_master_24px_v1.ttf */ = {isa = PBXFileReference; lastKnownFileType = file; path = itaufonts_master_24px_v1.ttf; sourceTree = "<group>"; };
/* End PBXFileReference section */

/* Begin PBXFrameworksBuildPhase section */
		27343F462059569B002140B8 /* Frameworks */ = {
			isa = PBXFrameworksBuildPhase;
			buildActionMask = 2147483647;
			files = (
			);
			runOnlyForDeploymentPostprocessing = 0;
		};
/* End PBXFrameworksBuildPhase section */

/* Begin PBXGroup section */
		27343F402059569A002140B8 = {
			isa = PBXGroup;
			children = (
				27343F4B2059569B002140B8 /* i9 dashboard */,
				27343F4A2059569B002140B8 /* Products */,
			);
			sourceTree = "<group>";
		};
		27343F4A2059569B002140B8 /* Products */ = {
			isa = PBXGroup;
			children = (
				27343F492059569B002140B8 /* i9 dashboard.app */,
			);
			name = Products;
			sourceTree = "<group>";
		};
		27343F4B2059569B002140B8 /* i9 dashboard */ = {
			isa = PBXGroup;
			children = (
				27343F62205956C0002140B8 /* FatherDashboard */,
				27343F4C2059569B002140B8 /* AppDelegate.h */,
				27343F4D2059569B002140B8 /* AppDelegate.m */,
				27343F552059569B002140B8 /* Assets.xcassets */,
				27343F572059569B002140B8 /* LaunchScreen.storyboard */,
				27343F5A2059569B002140B8 /* Info.plist */,
				27343F5B2059569B002140B8 /* main.m */,
			);
			path = "i9 dashboard";
			sourceTree = "<group>";
		};
		27343F62205956C0002140B8 /* FatherDashboard */ = {
			isa = PBXGroup;
			children = (
				27A6CDE6205964E500D6A105 /* Helpers */,
				27B3A296205959B000C6C429 /* Resourcers */,
				27343F64205956E4002140B8 /* View */,
				27343F63205956DF002140B8 /* Controller */,
			);
			path = FatherDashboard;
			sourceTree = "<group>";
		};
		27343F63205956DF002140B8 /* Controller */ = {
			isa = PBXGroup;
			children = (
				27343F6620595710002140B8 /* FatherDashboardViewController.h */,
				27343F6720595710002140B8 /* FatherDashboardViewController.m */,
			);
			path = Controller;
			sourceTree = "<group>";
		};
		27343F64205956E4002140B8 /* View */ = {
			isa = PBXGroup;
			children = (
				27343F692059571C002140B8 /* FatherDashboard.storyboard */,
			);
			path = View;
			sourceTree = "<group>";
		};
		27A6CDE6205964E500D6A105 /* Helpers */ = {
			isa = PBXGroup;
			children = (
				27A6CDE72059650B00D6A105 /* ACCircularProgressBarView.h */,
				27A6CDE82059650B00D6A105 /* ACCircularProgressBarView.m */,
			);
			path = Helpers;
			sourceTree = "<group>";
		};
		27B3A296205959B000C6C429 /* Resourcers */ = {
			isa = PBXGroup;
			children = (
				27B3A297205959B700C6C429 /* Fontes */,
			);
			path = Resourcers;
			sourceTree = "<group>";
		};
		27B3A297205959B700C6C429 /* Fontes */ = {
			isa = PBXGroup;
			children = (
				27B3A29C20595C0000C6C429 /* itaufonts_master_24px_v1.ttf */,
				27B3A29B20595C0000C6C429 /* ItauText_A_Bd.ttf */,
				27B3A29920595C0000C6C429 /* ItauText_A_Lt.ttf */,
				27B3A29A20595C0000C6C429 /* ItauText_A_Rg.ttf */,
				27B3A29820595BFF00C6C429 /* ItauText_A_XBd.ttf */,
			);
			path = Fontes;
			sourceTree = "<group>";
		};
/* End PBXGroup section */

/* Begin PBXNativeTarget section */
		27343F482059569B002140B8 /* i9 dashboard */ = {
			isa = PBXNativeTarget;
			buildConfigurationList = 27343F5F2059569B002140B8 /* Build configuration list for PBXNativeTarget "i9 dashboard" */;
			buildPhases = (
				27343F452059569B002140B8 /* Sources */,
				27343F462059569B002140B8 /* Frameworks */,
				27343F472059569B002140B8 /* Resources */,
			);
			buildRules = (
			);
			dependencies = (
			);
			name = "i9 dashboard";
			productName = "i9 dashboard";
			productReference = 27343F492059569B002140B8 /* i9 dashboard.app */;
			productType = "com.apple.product-type.application";
		};
/* End PBXNativeTarget section */

/* Begin PBXProject section */
		27343F412059569A002140B8 /* Project object */ = {
			isa = PBXProject;
			attributes = {
				LastUpgradeCheck = 0920;
				ORGANIZATIONNAME = "Rudney Camargo Pereira";
				TargetAttributes = {
					27343F482059569B002140B8 = {
						CreatedOnToolsVersion = 9.2;
						ProvisioningStyle = Automatic;
					};
				};
			};
			buildConfigurationList = 27343F442059569A002140B8 /* Build configuration list for PBXProject "i9 dashboard" */;
			compatibilityVersion = "Xcode 8.0";
			developmentRegion = en;
			hasScannedForEncodings = 0;
			knownRegions = (
				en,
				Base,
			);
			mainGroup = 27343F402059569A002140B8;
			productRefGroup = 27343F4A2059569B002140B8 /* Products */;
			projectDirPath = "";
			projectRoot = "";
			targets = (
				27343F482059569B002140B8 /* i9 dashboard */,
			);
		};
/* End PBXProject section */

/* Begin PBXResourcesBuildPhase section */
		27343F472059569B002140B8 /* Resources */ = {
			isa = PBXResourcesBuildPhase;
			buildActionMask = 2147483647;
			files = (
				27B3A29E20595C0100C6C429 /* ItauText_A_Lt.ttf in Resources */,
				27343F6A2059571C002140B8 /* FatherDashboard.storyboard in Resources */,
				27343F592059569B002140B8 /* LaunchScreen.storyboard in Resources */,
				27B3A2A120595C0100C6C429 /* itaufonts_master_24px_v1.ttf in Resources */,
				27B3A2A020595C0100C6C429 /* ItauText_A_Bd.ttf in Resources */,
				27B3A29F20595C0100C6C429 /* ItauText_A_Rg.ttf in Resources */,
				27343F562059569B002140B8 /* Assets.xcassets in Resources */,
				27B3A29D20595C0100C6C429 /* ItauText_A_XBd.ttf in Resources */,
			);
			runOnlyForDeploymentPostprocessing = 0;
		};
/* End PBXResourcesBuildPhase section */

/* Begin PBXSourcesBuildPhase section */
		27343F452059569B002140B8 /* Sources */ = {
			isa = PBXSourcesBuildPhase;
			buildActionMask = 2147483647;
			files = (
				27A6CDE92059650B00D6A105 /* ACCircularProgressBarView.m in Sources */,
				27343F5C2059569B002140B8 /* main.m in Sources */,
				27343F4E2059569B002140B8 /* AppDelegate.m in Sources */,
				27343F6820595710002140B8 /* FatherDashboardViewController.m in Sources */,
			);
			runOnlyForDeploymentPostprocessing = 0;
		};
/* End PBXSourcesBuildPhase section */

/* Begin PBXVariantGroup section */
		27343F572059569B002140B8 /* LaunchScreen.storyboard */ = {
			isa = PBXVariantGroup;
			children = (
				27343F582059569B002140B8 /* Base */,
			);
			name = LaunchScreen.storyboard;
			sourceTree = "<group>";
		};
/* End PBXVariantGroup section */

/* Begin XCBuildConfiguration section */
		27343F5D2059569B002140B8 /* Debug */ = {
			isa = XCBuildConfiguration;
			buildSettings = {
				ALWAYS_SEARCH_USER_PATHS = NO;
				CLANG_ANALYZER_NONNULL = YES;
				CLANG_ANALYZER_NUMBER_OBJECT_CONVERSION = YES_AGGRESSIVE;
				CLANG_CXX_LANGUAGE_STANDARD = "gnu++14";
				CLANG_CXX_LIBRARY = "libc++";
				CLANG_ENABLE_MODULES = YES;
				CLANG_ENABLE_OBJC_ARC = YES;
				CLANG_WARN_BLOCK_CAPTURE_AUTORELEASING = YES;
				CLANG_WARN_BOOL_CONVERSION = YES;
				CLANG_WARN_COMMA = YES;
				CLANG_WARN_CONSTANT_CONVERSION = YES;
				CLANG_WARN_DIRECT_OBJC_ISA_USAGE = YES_ERROR;
				CLANG_WARN_DOCUMENTATION_COMMENTS = YES;
				CLANG_WARN_EMPTY_BODY = YES;
				CLANG_WARN_ENUM_CONVERSION = YES;
				CLANG_WARN_INFINITE_RECURSION = YES;
				CLANG_WARN_INT_CONVERSION = YES;
				CLANG_WARN_NON_LITERAL_NULL_CONVERSION = YES;
				CLANG_WARN_OBJC_LITERAL_CONVERSION = YES;
				CLANG_WARN_OBJC_ROOT_CLASS = YES_ERROR;
				CLANG_WARN_RANGE_LOOP_ANALYSIS = YES;
				CLANG_WARN_STRICT_PROTOTYPES = YES;
				CLANG_WARN_SUSPICIOUS_MOVE = YES;
				CLANG_WARN_UNGUARDED_AVAILABILITY = YES_AGGRESSIVE;
				CLANG_WARN_UNREACHABLE_CODE = YES;
				CLANG_WARN__DUPLICATE_METHOD_MATCH = YES;
				CODE_SIGN_IDENTITY = "iPhone Developer";
				COPY_PHASE_STRIP = NO;
				DEBUG_INFORMATION_FORMAT = dwarf;
				ENABLE_STRICT_OBJC_MSGSEND = YES;
				ENABLE_TESTABILITY = YES;
				GCC_C_LANGUAGE_STANDARD = gnu11;
				GCC_DYNAMIC_NO_PIC = NO;
				GCC_NO_COMMON_BLOCKS = YES;
				GCC_OPTIMIZATION_LEVEL = 0;
				GCC_PREPROCESSOR_DEFINITIONS = (
					"DEBUG=1",
					"$(inherited)",
				);
				GCC_WARN_64_TO_32_BIT_CONVERSION = YES;
				GCC_WARN_ABOUT_RETURN_TYPE = YES_ERROR;
				GCC_WARN_UNDECLARED_SELECTOR = YES;
				GCC_WARN_UNINITIALIZED_AUTOS = YES_AGGRESSIVE;
				GCC_WARN_UNUSED_FUNCTION = YES;
				GCC_WARN_UNUSED_VARIABLE = YES;
				IPHONEOS_DEPLOYMENT_TARGET = 11.2;
				MTL_ENABLE_DEBUG_INFO = YES;
				ONLY_ACTIVE_ARCH = YES;
				SDKROOT = iphoneos;
			};
			name = Debug;
		};
		27343F5E2059569B002140B8 /* Release */ = {
			isa = XCBuildConfiguration;
			buildSettings = {
				ALWAYS_SEARCH_USER_PATHS = NO;
				CLANG_ANALYZER_NONNULL = YES;
				CLANG_ANALYZER_NUMBER_OBJECT_CONVERSION = YES_AGGRESSIVE;
				CLANG_CXX_LANGUAGE_STANDARD = "gnu++14";
				CLANG_CXX_LIBRARY = "libc++";
				CLANG_ENABLE_MODULES = YES;
				CLANG_ENABLE_OBJC_ARC = YES;
				CLANG_WARN_BLOCK_CAPTURE_AUTORELEASING = YES;
				CLANG_WARN_BOOL_CONVERSION = YES;
				CLANG_WARN_COMMA = YES;
				CLANG_WARN_CONSTANT_CONVERSION = YES;
				CLANG_WARN_DIRECT_OBJC_ISA_USAGE = YES_ERROR;
				CLANG_WARN_DOCUMENTATION_COMMENTS = YES;
				CLANG_WARN_EMPTY_BODY = YES;
				CLANG_WARN_ENUM_CONVERSION = YES;
				CLANG_WARN_INFINITE_RECURSION = YES;
				CLANG_WARN_INT_CONVERSION = YES;
				CLANG_WARN_NON_LITERAL_NULL_CONVERSION = YES;
				CLANG_WARN_OBJC_LITERAL_CONVERSION = YES;
				CLANG_WARN_OBJC_ROOT_CLASS = YES_ERROR;
				CLANG_WARN_RANGE_LOOP_ANALYSIS = YES;
				CLANG_WARN_STRICT_PROTOTYPES = YES;
				CLANG_WARN_SUSPICIOUS_MOVE = YES;
				CLANG_WARN_UNGUARDED_AVAILABILITY = YES_AGGRESSIVE;
				CLANG_WARN_UNREACHABLE_CODE = YES;
				CLANG_WARN__DUPLICATE_METHOD_MATCH = YES;
				CODE_SIGN_IDENTITY = "iPhone Developer";
				COPY_PHASE_STRIP = NO;
				DEBUG_INFORMATION_FORMAT = "dwarf-with-dsym";
				ENABLE_NS_ASSERTIONS = NO;
				ENABLE_STRICT_OBJC_MSGSEND = YES;
				GCC_C_LANGUAGE_STANDARD = gnu11;
				GCC_NO_COMMON_BLOCKS = YES;
				GCC_WARN_64_TO_32_BIT_CONVERSION = YES;
				GCC_WARN_ABOUT_RETURN_TYPE = YES_ERROR;
				GCC_WARN_UNDECLARED_SELECTOR = YES;
				GCC_WARN_UNINITIALIZED_AUTOS = YES_AGGRESSIVE;
				GCC_WARN_UNUSED_FUNCTION = YES;
				GCC_WARN_UNUSED_VARIABLE = YES;
				IPHONEOS_DEPLOYMENT_TARGET = 11.2;
				MTL_ENABLE_DEBUG_INFO = NO;
				SDKROOT = iphoneos;
				VALIDATE_PRODUCT = YES;
			};
			name = Release;
		};
		27343F602059569B002140B8 /* Debug */ = {
			isa = XCBuildConfiguration;
			buildSettings = {
				ASSETCATALOG_COMPILER_APPICON_NAME = AppIcon;
				CODE_SIGN_STYLE = Automatic;
				DEVELOPMENT_TEAM = B78RY88W9F;
				INFOPLIST_FILE = "i9 dashboard/Info.plist";
				LD_RUNPATH_SEARCH_PATHS = "$(inherited) @executable_path/Frameworks";
				PRODUCT_BUNDLE_IDENTIFIER = "com.rudneycamargo.br.i9-dashboard";
				PRODUCT_NAME = "$(TARGET_NAME)";
				TARGETED_DEVICE_FAMILY = "1,2";
			};
			name = Debug;
		};
		27343F612059569B002140B8 /* Release */ = {
			isa = XCBuildConfiguration;
			buildSettings = {
				ASSETCATALOG_COMPILER_APPICON_NAME = AppIcon;
				CODE_SIGN_STYLE = Automatic;
				DEVELOPMENT_TEAM = B78RY88W9F;
				INFOPLIST_FILE = "i9 dashboard/Info.plist";
				LD_RUNPATH_SEARCH_PATHS = "$(inherited) @executable_path/Frameworks";
				PRODUCT_BUNDLE_IDENTIFIER = "com.rudneycamargo.br.i9-dashboard";
				PRODUCT_NAME = "$(TARGET_NAME)";
				TARGETED_DEVICE_FAMILY = "1,2";
			};
			name = Release;
		};
/* End XCBuildConfiguration section */

/* Begin XCConfigurationList section */
		27343F442059569A002140B8 /* Build configuration list for PBXProject "i9 dashboard" */ = {
			isa = XCConfigurationList;
			buildConfigurations = (
				27343F5D2059569B002140B8 /* Debug */,
				27343F5E2059569B002140B8 /* Release */,
			);
			defaultConfigurationIsVisible = 0;
			defaultConfigurationName = Release;
		};
		27343F5F2059569B002140B8 /* Build configuration list for PBXNativeTarget "i9 dashboard" */ = {
			isa = XCConfigurationList;
			buildConfigurations = (
				27343F602059569B002140B8 /* Debug */,
				27343F612059569B002140B8 /* Release */,
			);
			defaultConfigurationIsVisible = 0;
			defaultConfigurationName = Release;
		};
/* End XCConfigurationList section */
	};
	rootObject = 27343F412059569A002140B8 /* Project object */;
}
