// !$*UTF8*$!
{
	archiveVersion = 1;
	classes = {
	};
	objectVersion = 48;
	objects = {

/* Begin PBXBuildFile section */
		16270706894A2E8BB5146B47 /* libPods-i9 dashboard.a in Frameworks */ = {isa = PBXBuildFile; fileRef = AC8558E3643D691DA76C6BBC /* libPods-i9 dashboard.a */; };
		2729E3A52090C85D0024A759 /* MainNavigationController.m in Sources */ = {isa = PBXBuildFile; fileRef = 2729E3A42090C85D0024A759 /* MainNavigationController.m */; };
		2729E3B02090D24C0024A759 /* UIViewController+IPFUtils.m in Sources */ = {isa = PBXBuildFile; fileRef = 2729E3AE2090D24C0024A759 /* UIViewController+IPFUtils.m */; };
		2729E3B52090D4800024A759 /* UIViewController+MMDrawerController.m in Sources */ = {isa = PBXBuildFile; fileRef = 2729E3B32090D47F0024A759 /* UIViewController+MMDrawerController.m */; };
		2729E3B62090D4800024A759 /* MMNavigationController.m in Sources */ = {isa = PBXBuildFile; fileRef = 2729E3B42090D47F0024A759 /* MMNavigationController.m */; };
		2729E3B92090D6110024A759 /* MMExampleDrawerVisualStateManager.m in Sources */ = {isa = PBXBuildFile; fileRef = 2729E3B82090D6110024A759 /* MMExampleDrawerVisualStateManager.m */; };
		2729E3BE2090D9490024A759 /* RightMenuTableViewController.m in Sources */ = {isa = PBXBuildFile; fileRef = 2729E3BD2090D9490024A759 /* RightMenuTableViewController.m */; };
		2729E3C02090D96A0024A759 /* RightMenuTableViewController.storyboard in Resources */ = {isa = PBXBuildFile; fileRef = 2729E3BF2090D96A0024A759 /* RightMenuTableViewController.storyboard */; };
		2729E3CB2090DEDB0024A759 /* TeacherMenuTableViewController.m in Sources */ = {isa = PBXBuildFile; fileRef = 2729E3CA2090DEDB0024A759 /* TeacherMenuTableViewController.m */; };
		2729E3CD2090DEE60024A759 /* TeacherMenuTableViewController.storyboard in Resources */ = {isa = PBXBuildFile; fileRef = 2729E3CC2090DEE60024A759 /* TeacherMenuTableViewController.storyboard */; };
		2729E3D22090E00C0024A759 /* TeacherDashViewController.m in Sources */ = {isa = PBXBuildFile; fileRef = 2729E3CF2090E00C0024A759 /* TeacherDashViewController.m */; };
		2729E3D32090E00C0024A759 /* TeacherDashViewController.storyboard in Resources */ = {isa = PBXBuildFile; fileRef = 2729E3D02090E00C0024A759 /* TeacherDashViewController.storyboard */; };
		2729E3D72090E0A50024A759 /* TeacherClassDetailsViewController.m in Sources */ = {isa = PBXBuildFile; fileRef = 2729E3D62090E0A50024A759 /* TeacherClassDetailsViewController.m */; };
		2729E3D92090E0AD0024A759 /* TeacherClassDetailsViewController.storyboard in Resources */ = {isa = PBXBuildFile; fileRef = 2729E3D82090E0AD0024A759 /* TeacherClassDetailsViewController.storyboard */; };
		2729E3DD2090EBF50024A759 /* TeacherClassPreparViewController.m in Sources */ = {isa = PBXBuildFile; fileRef = 2729E3DC2090EBF50024A759 /* TeacherClassPreparViewController.m */; };
		2729E3DF2090EC080024A759 /* TeacherClassPreparViewController.storyboard in Resources */ = {isa = PBXBuildFile; fileRef = 2729E3DE2090EC080024A759 /* TeacherClassPreparViewController.storyboard */; };
		27343F4E2059569B002140B8 /* AppDelegate.m in Sources */ = {isa = PBXBuildFile; fileRef = 27343F4D2059569B002140B8 /* AppDelegate.m */; };
		27343F562059569B002140B8 /* Assets.xcassets in Resources */ = {isa = PBXBuildFile; fileRef = 27343F552059569B002140B8 /* Assets.xcassets */; };
		27343F592059569B002140B8 /* LaunchScreen.storyboard in Resources */ = {isa = PBXBuildFile; fileRef = 27343F572059569B002140B8 /* LaunchScreen.storyboard */; };
		27343F5C2059569B002140B8 /* main.m in Sources */ = {isa = PBXBuildFile; fileRef = 27343F5B2059569B002140B8 /* main.m */; };
		27343F6820595710002140B8 /* FatherDashboardViewController.m in Sources */ = {isa = PBXBuildFile; fileRef = 27343F6720595710002140B8 /* FatherDashboardViewController.m */; };
		27343F6A2059571C002140B8 /* FatherDashboard.storyboard in Resources */ = {isa = PBXBuildFile; fileRef = 27343F692059571C002140B8 /* FatherDashboard.storyboard */; };
		279AA0DC2059A3FA008E4296 /* CarouselCustomPageControl.m in Sources */ = {isa = PBXBuildFile; fileRef = 279AA0DB2059A3FA008E4296 /* CarouselCustomPageControl.m */; };
		27A6CDE92059650B00D6A105 /* ACCircularProgressBarView.m in Sources */ = {isa = PBXBuildFile; fileRef = 27A6CDE82059650B00D6A105 /* ACCircularProgressBarView.m */; };
		27B3A29D20595C0100C6C429 /* ItauText_A_XBd.ttf in Resources */ = {isa = PBXBuildFile; fileRef = 27B3A29820595BFF00C6C429 /* ItauText_A_XBd.ttf */; };
		27B3A29E20595C0100C6C429 /* ItauText_A_Lt.ttf in Resources */ = {isa = PBXBuildFile; fileRef = 27B3A29920595C0000C6C429 /* ItauText_A_Lt.ttf */; };
		27B3A29F20595C0100C6C429 /* ItauText_A_Rg.ttf in Resources */ = {isa = PBXBuildFile; fileRef = 27B3A29A20595C0000C6C429 /* ItauText_A_Rg.ttf */; };
		27B3A2A020595C0100C6C429 /* ItauText_A_Bd.ttf in Resources */ = {isa = PBXBuildFile; fileRef = 27B3A29B20595C0000C6C429 /* ItauText_A_Bd.ttf */; };
		27B3A2A120595C0100C6C429 /* itaufonts_master_24px_v1.ttf in Resources */ = {isa = PBXBuildFile; fileRef = 27B3A29C20595C0000C6C429 /* itaufonts_master_24px_v1.ttf */; };
/* End PBXBuildFile section */

/* Begin PBXFileReference section */
		258DEC24D7CE20217F61C758 /* Pods-i9 dashboard.debug.xcconfig */ = {isa = PBXFileReference; includeInIndex = 1; lastKnownFileType = text.xcconfig; name = "Pods-i9 dashboard.debug.xcconfig"; path = "Pods/Target Support Files/Pods-i9 dashboard/Pods-i9 dashboard.debug.xcconfig"; sourceTree = "<group>"; };
		2729E3A32090C85D0024A759 /* MainNavigationController.h */ = {isa = PBXFileReference; lastKnownFileType = sourcecode.c.h; path = MainNavigationController.h; sourceTree = "<group>"; };
		2729E3A42090C85D0024A759 /* MainNavigationController.m */ = {isa = PBXFileReference; lastKnownFileType = sourcecode.c.objc; path = MainNavigationController.m; sourceTree = "<group>"; };
		2729E3AE2090D24C0024A759 /* UIViewController+IPFUtils.m */ = {isa = PBXFileReference; fileEncoding = 4; lastKnownFileType = sourcecode.c.objc; path = "UIViewController+IPFUtils.m"; sourceTree = "<group>"; };
		2729E3AF2090D24C0024A759 /* UIViewController+IPFUtils.h */ = {isa = PBXFileReference; fileEncoding = 4; lastKnownFileType = sourcecode.c.h; path = "UIViewController+IPFUtils.h"; sourceTree = "<group>"; };
		2729E3B12090D47E0024A759 /* UIViewController+MMDrawerController.h */ = {isa = PBXFileReference; fileEncoding = 4; lastKnownFileType = sourcecode.c.h; path = "UIViewController+MMDrawerController.h"; sourceTree = "<group>"; };
		2729E3B22090D47F0024A759 /* MMNavigationController.h */ = {isa = PBXFileReference; fileEncoding = 4; lastKnownFileType = sourcecode.c.h; path = MMNavigationController.h; sourceTree = "<group>"; };
		2729E3B32090D47F0024A759 /* UIViewController+MMDrawerController.m */ = {isa = PBXFileReference; fileEncoding = 4; lastKnownFileType = sourcecode.c.objc; path = "UIViewController+MMDrawerController.m"; sourceTree = "<group>"; };
		2729E3B42090D47F0024A759 /* MMNavigationController.m */ = {isa = PBXFileReference; fileEncoding = 4; lastKnownFileType = sourcecode.c.objc; path = MMNavigationController.m; sourceTree = "<group>"; };
		2729E3B72090D6100024A759 /* MMExampleDrawerVisualStateManager.h */ = {isa = PBXFileReference; fileEncoding = 4; lastKnownFileType = sourcecode.c.h; path = MMExampleDrawerVisualStateManager.h; sourceTree = "<group>"; };
		2729E3B82090D6110024A759 /* MMExampleDrawerVisualStateManager.m */ = {isa = PBXFileReference; fileEncoding = 4; lastKnownFileType = sourcecode.c.objc; path = MMExampleDrawerVisualStateManager.m; sourceTree = "<group>"; };
		2729E3BC2090D9490024A759 /* RightMenuTableViewController.h */ = {isa = PBXFileReference; lastKnownFileType = sourcecode.c.h; path = RightMenuTableViewController.h; sourceTree = "<group>"; };
		2729E3BD2090D9490024A759 /* RightMenuTableViewController.m */ = {isa = PBXFileReference; lastKnownFileType = sourcecode.c.objc; path = RightMenuTableViewController.m; sourceTree = "<group>"; };
		2729E3BF2090D96A0024A759 /* RightMenuTableViewController.storyboard */ = {isa = PBXFileReference; lastKnownFileType = file.storyboard; path = RightMenuTableViewController.storyboard; sourceTree = "<group>"; };
		2729E3C92090DEDB0024A759 /* TeacherMenuTableViewController.h */ = {isa = PBXFileReference; lastKnownFileType = sourcecode.c.h; path = TeacherMenuTableViewController.h; sourceTree = "<group>"; };
		2729E3CA2090DEDB0024A759 /* TeacherMenuTableViewController.m */ = {isa = PBXFileReference; lastKnownFileType = sourcecode.c.objc; path = TeacherMenuTableViewController.m; sourceTree = "<group>"; };
		2729E3CC2090DEE60024A759 /* TeacherMenuTableViewController.storyboard */ = {isa = PBXFileReference; lastKnownFileType = file.storyboard; path = TeacherMenuTableViewController.storyboard; sourceTree = "<group>"; };
		2729E3CF2090E00C0024A759 /* TeacherDashViewController.m */ = {isa = PBXFileReference; fileEncoding = 4; lastKnownFileType = sourcecode.c.objc; path = TeacherDashViewController.m; sourceTree = "<group>"; };
		2729E3D02090E00C0024A759 /* TeacherDashViewController.storyboard */ = {isa = PBXFileReference; fileEncoding = 4; lastKnownFileType = file.storyboard; path = TeacherDashViewController.storyboard; sourceTree = "<group>"; };
		2729E3D12090E00C0024A759 /* TeacherDashViewController.h */ = {isa = PBXFileReference; fileEncoding = 4; lastKnownFileType = sourcecode.c.h; path = TeacherDashViewController.h; sourceTree = "<group>"; };
		2729E3D52090E0A50024A759 /* TeacherClassDetailsViewController.h */ = {isa = PBXFileReference; lastKnownFileType = sourcecode.c.h; path = TeacherClassDetailsViewController.h; sourceTree = "<group>"; };
		2729E3D62090E0A50024A759 /* TeacherClassDetailsViewController.m */ = {isa = PBXFileReference; lastKnownFileType = sourcecode.c.objc; path = TeacherClassDetailsViewController.m; sourceTree = "<group>"; };
		2729E3D82090E0AD0024A759 /* TeacherClassDetailsViewController.storyboard */ = {isa = PBXFileReference; lastKnownFileType = file.storyboard; path = TeacherClassDetailsViewController.storyboard; sourceTree = "<group>"; };
		2729E3DB2090EBF50024A759 /* TeacherClassPreparViewController.h */ = {isa = PBXFileReference; lastKnownFileType = sourcecode.c.h; path = TeacherClassPreparViewController.h; sourceTree = "<group>"; };
		2729E3DC2090EBF50024A759 /* TeacherClassPreparViewController.m */ = {isa = PBXFileReference; lastKnownFileType = sourcecode.c.objc; path = TeacherClassPreparViewController.m; sourceTree = "<group>"; };
		2729E3DE2090EC080024A759 /* TeacherClassPreparViewController.storyboard */ = {isa = PBXFileReference; lastKnownFileType = file.storyboard; path = TeacherClassPreparViewController.storyboard; sourceTree = "<group>"; };
		27343F492059569B002140B8 /* i9 dashboard.app */ = {isa = PBXFileReference; explicitFileType = wrapper.application; includeInIndex = 0; path = "i9 dashboard.app"; sourceTree = BUILT_PRODUCTS_DIR; };
		27343F4C2059569B002140B8 /* AppDelegate.h */ = {isa = PBXFileReference; lastKnownFileType = sourcecode.c.h; path = AppDelegate.h; sourceTree = "<group>"; };
		27343F4D2059569B002140B8 /* AppDelegate.m */ = {isa = PBXFileReference; lastKnownFileType = sourcecode.c.objc; path = AppDelegate.m; sourceTree = "<group>"; };
		27343F552059569B002140B8 /* Assets.xcassets */ = {isa = PBXFileReference; lastKnownFileType = folder.assetcatalog; path = Assets.xcassets; sourceTree = "<group>"; };
		27343F582059569B002140B8 /* Base */ = {isa = PBXFileReference; lastKnownFileType = file.storyboard; name = Base; path = Base.lproj/LaunchScreen.storyboard; sourceTree = "<group>"; };
		27343F5A2059569B002140B8 /* Info.plist */ = {isa = PBXFileReference; lastKnownFileType = text.plist.xml; path = Info.plist; sourceTree = "<group>"; };
		27343F5B2059569B002140B8 /* main.m */ = {isa = PBXFileReference; lastKnownFileType = sourcecode.c.objc; path = main.m; sourceTree = "<group>"; };
		27343F6620595710002140B8 /* FatherDashboardViewController.h */ = {isa = PBXFileReference; lastKnownFileType = sourcecode.c.h; path = FatherDashboardViewController.h; sourceTree = "<group>"; };
		27343F6720595710002140B8 /* FatherDashboardViewController.m */ = {isa = PBXFileReference; lastKnownFileType = sourcecode.c.objc; path = FatherDashboardViewController.m; sourceTree = "<group>"; };
		27343F692059571C002140B8 /* FatherDashboard.storyboard */ = {isa = PBXFileReference; lastKnownFileType = file.storyboard; path = FatherDashboard.storyboard; sourceTree = "<group>"; };
		279AA0DA2059A3FA008E4296 /* CarouselCustomPageControl.h */ = {isa = PBXFileReference; fileEncoding = 4; lastKnownFileType = sourcecode.c.h; path = CarouselCustomPageControl.h; sourceTree = "<group>"; };
		279AA0DB2059A3FA008E4296 /* CarouselCustomPageControl.m */ = {isa = PBXFileReference; fileEncoding = 4; lastKnownFileType = sourcecode.c.objc; path = CarouselCustomPageControl.m; sourceTree = "<group>"; };
		27A6CDE72059650B00D6A105 /* ACCircularProgressBarView.h */ = {isa = PBXFileReference; fileEncoding = 4; lastKnownFileType = sourcecode.c.h; path = ACCircularProgressBarView.h; sourceTree = "<group>"; };
		27A6CDE82059650B00D6A105 /* ACCircularProgressBarView.m */ = {isa = PBXFileReference; fileEncoding = 4; lastKnownFileType = sourcecode.c.objc; path = ACCircularProgressBarView.m; sourceTree = "<group>"; };
		27B3A29820595BFF00C6C429 /* ItauText_A_XBd.ttf */ = {isa = PBXFileReference; lastKnownFileType = file; path = ItauText_A_XBd.ttf; sourceTree = "<group>"; };
		27B3A29920595C0000C6C429 /* ItauText_A_Lt.ttf */ = {isa = PBXFileReference; lastKnownFileType = file; path = ItauText_A_Lt.ttf; sourceTree = "<group>"; };
		27B3A29A20595C0000C6C429 /* ItauText_A_Rg.ttf */ = {isa = PBXFileReference; lastKnownFileType = file; path = ItauText_A_Rg.ttf; sourceTree = "<group>"; };
		27B3A29B20595C0000C6C429 /* ItauText_A_Bd.ttf */ = {isa = PBXFileReference; lastKnownFileType = file; path = ItauText_A_Bd.ttf; sourceTree = "<group>"; };
		27B3A29C20595C0000C6C429 /* itaufonts_master_24px_v1.ttf */ = {isa = PBXFileReference; lastKnownFileType = file; path = itaufonts_master_24px_v1.ttf; sourceTree = "<group>"; };
		AC8558E3643D691DA76C6BBC /* libPods-i9 dashboard.a */ = {isa = PBXFileReference; explicitFileType = archive.ar; includeInIndex = 0; path = "libPods-i9 dashboard.a"; sourceTree = BUILT_PRODUCTS_DIR; };
		AE598A9BBEFCC36855253362 /* Pods-i9 dashboard.release.xcconfig */ = {isa = PBXFileReference; includeInIndex = 1; lastKnownFileType = text.xcconfig; name = "Pods-i9 dashboard.release.xcconfig"; path = "Pods/Target Support Files/Pods-i9 dashboard/Pods-i9 dashboard.release.xcconfig"; sourceTree = "<group>"; };
/* End PBXFileReference section */

/* Begin PBXFrameworksBuildPhase section */
		27343F462059569B002140B8 /* Frameworks */ = {
			isa = PBXFrameworksBuildPhase;
			buildActionMask = 2147483647;
			files = (
				16270706894A2E8BB5146B47 /* libPods-i9 dashboard.a in Frameworks */,
			);
			runOnlyForDeploymentPostprocessing = 0;
		};
/* End PBXFrameworksBuildPhase section */

/* Begin PBXGroup section */
		2729E3A22090C82E0024A759 /* MainNavigation */ = {
			isa = PBXGroup;
			children = (
				2729E3A32090C85D0024A759 /* MainNavigationController.h */,
				2729E3A42090C85D0024A759 /* MainNavigationController.m */,
			);
			path = MainNavigation;
			sourceTree = "<group>";
		};
		2729E3AD2090D2390024A759 /* Storyboard */ = {
			isa = PBXGroup;
			children = (
				2729E3AF2090D24C0024A759 /* UIViewController+IPFUtils.h */,
				2729E3AE2090D24C0024A759 /* UIViewController+IPFUtils.m */,
			);
			path = Storyboard;
			sourceTree = "<group>";
		};
		2729E3BA2090D91C0024A759 /* FatherViewController */ = {
			isa = PBXGroup;
			children = (
				27343F6620595710002140B8 /* FatherDashboardViewController.h */,
				27343F6720595710002140B8 /* FatherDashboardViewController.m */,
			);
			path = FatherViewController;
			sourceTree = "<group>";
		};
		2729E3BB2090D9300024A759 /* RightMenuFather */ = {
			isa = PBXGroup;
			children = (
				2729E3BC2090D9490024A759 /* RightMenuTableViewController.h */,
				2729E3BD2090D9490024A759 /* RightMenuTableViewController.m */,
				2729E3BF2090D96A0024A759 /* RightMenuTableViewController.storyboard */,
			);
			path = RightMenuFather;
			sourceTree = "<group>";
		};
		2729E3C12090DDFD0024A759 /* Controllers */ = {
			isa = PBXGroup;
			children = (
				2729E3C22090DE110024A759 /* TeacherDash */,
				27343F62205956C0002140B8 /* FatherDashboard */,
			);
			path = Controllers;
			sourceTree = "<group>";
		};
		2729E3C22090DE110024A759 /* TeacherDash */ = {
			isa = PBXGroup;
			children = (
				2729E3DA2090EBD40024A759 /* TeacherClassPrepar */,
				2729E3D42090E0790024A759 /* TeacherClassDetails */,
				2729E3CE2090DFC30024A759 /* TeacherDash */,
				2729E3C82090DEB20024A759 /* TeacherMenu */,
			);
			path = TeacherDash;
			sourceTree = "<group>";
		};
		2729E3C82090DEB20024A759 /* TeacherMenu */ = {
			isa = PBXGroup;
			children = (
				2729E3C92090DEDB0024A759 /* TeacherMenuTableViewController.h */,
				2729E3CA2090DEDB0024A759 /* TeacherMenuTableViewController.m */,
				2729E3CC2090DEE60024A759 /* TeacherMenuTableViewController.storyboard */,
			);
			path = TeacherMenu;
			sourceTree = "<group>";
		};
		2729E3CE2090DFC30024A759 /* TeacherDash */ = {
			isa = PBXGroup;
			children = (
				2729E3D12090E00C0024A759 /* TeacherDashViewController.h */,
				2729E3CF2090E00C0024A759 /* TeacherDashViewController.m */,
				2729E3D02090E00C0024A759 /* TeacherDashViewController.storyboard */,
			);
			path = TeacherDash;
			sourceTree = "<group>";
		};
		2729E3D42090E0790024A759 /* TeacherClassDetails */ = {
			isa = PBXGroup;
			children = (
				2729E3D52090E0A50024A759 /* TeacherClassDetailsViewController.h */,
				2729E3D62090E0A50024A759 /* TeacherClassDetailsViewController.m */,
				2729E3D82090E0AD0024A759 /* TeacherClassDetailsViewController.storyboard */,
			);
			path = TeacherClassDetails;
			sourceTree = "<group>";
		};
		2729E3DA2090EBD40024A759 /* TeacherClassPrepar */ = {
			isa = PBXGroup;
			children = (
				2729E3DB2090EBF50024A759 /* TeacherClassPreparViewController.h */,
				2729E3DC2090EBF50024A759 /* TeacherClassPreparViewController.m */,
				2729E3DE2090EC080024A759 /* TeacherClassPreparViewController.storyboard */,
			);
			path = TeacherClassPrepar;
			sourceTree = "<group>";
		};
		27343F402059569A002140B8 = {
			isa = PBXGroup;
			children = (
				27343F4B2059569B002140B8 /* i9 dashboard */,
				27343F4A2059569B002140B8 /* Products */,
				FF0109286F8929A471251D85 /* Pods */,
				DB277CFE4209F45DEE0BC1A7 /* Frameworks */,
			);
			sourceTree = "<group>";
		};
		27343F4A2059569B002140B8 /* Products */ = {
			isa = PBXGroup;
			children = (
				27343F492059569B002140B8 /* i9 dashboard.app */,
			);
			name = Products;
			sourceTree = "<group>";
		};
		27343F4B2059569B002140B8 /* i9 dashboard */ = {
			isa = PBXGroup;
			children = (
				2729E3C12090DDFD0024A759 /* Controllers */,
				27A6CDE6205964E500D6A105 /* Helpers */,
				27343F4C2059569B002140B8 /* AppDelegate.h */,
				27343F4D2059569B002140B8 /* AppDelegate.m */,
				27343F552059569B002140B8 /* Assets.xcassets */,
				27343F572059569B002140B8 /* LaunchScreen.storyboard */,
				27343F5A2059569B002140B8 /* Info.plist */,
				27343F5B2059569B002140B8 /* main.m */,
			);
			path = "i9 dashboard";
			sourceTree = "<group>";
		};
		27343F62205956C0002140B8 /* FatherDashboard */ = {
			isa = PBXGroup;
			children = (
				2729E3BB2090D9300024A759 /* RightMenuFather */,
				27B3A296205959B000C6C429 /* Resourcers */,
				27343F64205956E4002140B8 /* View */,
				27343F63205956DF002140B8 /* Controller */,
			);
			path = FatherDashboard;
			sourceTree = "<group>";
		};
		27343F63205956DF002140B8 /* Controller */ = {
			isa = PBXGroup;
			children = (
				2729E3BA2090D91C0024A759 /* FatherViewController */,
				2729E3A22090C82E0024A759 /* MainNavigation */,
			);
			path = Controller;
			sourceTree = "<group>";
		};
		27343F64205956E4002140B8 /* View */ = {
			isa = PBXGroup;
			children = (
				27343F692059571C002140B8 /* FatherDashboard.storyboard */,
			);
			path = View;
			sourceTree = "<group>";
		};
		27A6CDE6205964E500D6A105 /* Helpers */ = {
			isa = PBXGroup;
			children = (
				2729E3B72090D6100024A759 /* MMExampleDrawerVisualStateManager.h */,
				2729E3B82090D6110024A759 /* MMExampleDrawerVisualStateManager.m */,
				2729E3B22090D47F0024A759 /* MMNavigationController.h */,
				2729E3B42090D47F0024A759 /* MMNavigationController.m */,
				2729E3B12090D47E0024A759 /* UIViewController+MMDrawerController.h */,
				2729E3B32090D47F0024A759 /* UIViewController+MMDrawerController.m */,
				2729E3AD2090D2390024A759 /* Storyboard */,
				279AA0DA2059A3FA008E4296 /* CarouselCustomPageControl.h */,
				279AA0DB2059A3FA008E4296 /* CarouselCustomPageControl.m */,
				27A6CDE72059650B00D6A105 /* ACCircularProgressBarView.h */,
				27A6CDE82059650B00D6A105 /* ACCircularProgressBarView.m */,
			);
			path = Helpers;
			sourceTree = "<group>";
		};
		27B3A296205959B000C6C429 /* Resourcers */ = {
			isa = PBXGroup;
			children = (
				27B3A297205959B700C6C429 /* Fontes */,
			);
			path = Resourcers;
			sourceTree = "<group>";
		};
		27B3A297205959B700C6C429 /* Fontes */ = {
			isa = PBXGroup;
			children = (
				27B3A29C20595C0000C6C429 /* itaufonts_master_24px_v1.ttf */,
				27B3A29B20595C0000C6C429 /* ItauText_A_Bd.ttf */,
				27B3A29920595C0000C6C429 /* ItauText_A_Lt.ttf */,
				27B3A29A20595C0000C6C429 /* ItauText_A_Rg.ttf */,
				27B3A29820595BFF00C6C429 /* ItauText_A_XBd.ttf */,
			);
			path = Fontes;
			sourceTree = "<group>";
		};
		DB277CFE4209F45DEE0BC1A7 /* Frameworks */ = {
			isa = PBXGroup;
			children = (
				AC8558E3643D691DA76C6BBC /* libPods-i9 dashboard.a */,
			);
			name = Frameworks;
			sourceTree = "<group>";
		};
		FF0109286F8929A471251D85 /* Pods */ = {
			isa = PBXGroup;
			children = (
				258DEC24D7CE20217F61C758 /* Pods-i9 dashboard.debug.xcconfig */,
				AE598A9BBEFCC36855253362 /* Pods-i9 dashboard.release.xcconfig */,
			);
			name = Pods;
			sourceTree = "<group>";
		};
/* End PBXGroup section */

/* Begin PBXNativeTarget section */
		27343F482059569B002140B8 /* i9 dashboard */ = {
			isa = PBXNativeTarget;
			buildConfigurationList = 27343F5F2059569B002140B8 /* Build configuration list for PBXNativeTarget "i9 dashboard" */;
			buildPhases = (
				155E4587C9270FB692BB3B59 /* [CP] Check Pods Manifest.lock */,
				27343F452059569B002140B8 /* Sources */,
				27343F462059569B002140B8 /* Frameworks */,
				27343F472059569B002140B8 /* Resources */,
				9DEE74090863AD9EEB969AD6 /* [CP] Embed Pods Frameworks */,
				4EEA2A2AB94266C88A699DFA /* [CP] Copy Pods Resources */,
			);
			buildRules = (
			);
			dependencies = (
			);
			name = "i9 dashboard";
			productName = "i9 dashboard";
			productReference = 27343F492059569B002140B8 /* i9 dashboard.app */;
			productType = "com.apple.product-type.application";
		};
/* End PBXNativeTarget section */

/* Begin PBXProject section */
		27343F412059569A002140B8 /* Project object */ = {
			isa = PBXProject;
			attributes = {
				LastUpgradeCheck = 0920;
				ORGANIZATIONNAME = "Rudney Camargo Pereira";
				TargetAttributes = {
					27343F482059569B002140B8 = {
						CreatedOnToolsVersion = 9.2;
						ProvisioningStyle = Automatic;
					};
				};
			};
			buildConfigurationList = 27343F442059569A002140B8 /* Build configuration list for PBXProject "i9 dashboard" */;
			compatibilityVersion = "Xcode 8.0";
			developmentRegion = en;
			hasScannedForEncodings = 0;
			knownRegions = (
				en,
				Base,
			);
			mainGroup = 27343F402059569A002140B8;
			productRefGroup = 27343F4A2059569B002140B8 /* Products */;
			projectDirPath = "";
			projectRoot = "";
			targets = (
				27343F482059569B002140B8 /* i9 dashboard */,
			);
		};
/* End PBXProject section */

/* Begin PBXResourcesBuildPhase section */
		27343F472059569B002140B8 /* Resources */ = {
			isa = PBXResourcesBuildPhase;
			buildActionMask = 2147483647;
			files = (
				2729E3DF2090EC080024A759 /* TeacherClassPreparViewController.storyboard in Resources */,
				27B3A29E20595C0100C6C429 /* ItauText_A_Lt.ttf in Resources */,
				27343F6A2059571C002140B8 /* FatherDashboard.storyboard in Resources */,
				27343F592059569B002140B8 /* LaunchScreen.storyboard in Resources */,
				27B3A2A120595C0100C6C429 /* itaufonts_master_24px_v1.ttf in Resources */,
				27B3A2A020595C0100C6C429 /* ItauText_A_Bd.ttf in Resources */,
				2729E3CD2090DEE60024A759 /* TeacherMenuTableViewController.storyboard in Resources */,
				27B3A29F20595C0100C6C429 /* ItauText_A_Rg.ttf in Resources */,
				2729E3D32090E00C0024A759 /* TeacherDashViewController.storyboard in Resources */,
				2729E3C02090D96A0024A759 /* RightMenuTableViewController.storyboard in Resources */,
				27343F562059569B002140B8 /* Assets.xcassets in Resources */,
				2729E3D92090E0AD0024A759 /* TeacherClassDetailsViewController.storyboard in Resources */,
				27B3A29D20595C0100C6C429 /* ItauText_A_XBd.ttf in Resources */,
			);
			runOnlyForDeploymentPostprocessing = 0;
		};
/* End PBXResourcesBuildPhase section */

/* Begin PBXShellScriptBuildPhase section */
		155E4587C9270FB692BB3B59 /* [CP] Check Pods Manifest.lock */ = {
			isa = PBXShellScriptBuildPhase;
			buildActionMask = 2147483647;
			files = (
			);
			inputPaths = (
			);
			name = "[CP] Check Pods Manifest.lock";
			outputPaths = (
			);
			runOnlyForDeploymentPostprocessing = 0;
			shellPath = /bin/sh;
			shellScript = "diff \"${PODS_PODFILE_DIR_PATH}/Podfile.lock\" \"${PODS_ROOT}/Manifest.lock\" > /dev/null\nif [ $? != 0 ] ; then\n    # print error to STDERR\n    echo \"error: The sandbox is not in sync with the Podfile.lock. Run 'pod install' or update your CocoaPods installation.\" >&2\n    exit 1\nfi\n";
			showEnvVarsInLog = 0;
		};
		4EEA2A2AB94266C88A699DFA /* [CP] Copy Pods Resources */ = {
			isa = PBXShellScriptBuildPhase;
			buildActionMask = 2147483647;
			files = (
			);
			inputPaths = (
			);
			name = "[CP] Copy Pods Resources";
			outputPaths = (
			);
			runOnlyForDeploymentPostprocessing = 0;
			shellPath = /bin/sh;
			shellScript = "\"${SRCROOT}/Pods/Target Support Files/Pods-i9 dashboard/Pods-i9 dashboard-resources.sh\"\n";
			showEnvVarsInLog = 0;
		};
		9DEE74090863AD9EEB969AD6 /* [CP] Embed Pods Frameworks */ = {
			isa = PBXShellScriptBuildPhase;
			buildActionMask = 2147483647;
			files = (
			);
			inputPaths = (
			);
			name = "[CP] Embed Pods Frameworks";
			outputPaths = (
			);
			runOnlyForDeploymentPostprocessing = 0;
			shellPath = /bin/sh;
			shellScript = "\"${SRCROOT}/Pods/Target Support Files/Pods-i9 dashboard/Pods-i9 dashboard-frameworks.sh\"\n";
			showEnvVarsInLog = 0;
		};
/* End PBXShellScriptBuildPhase section */

/* Begin PBXSourcesBuildPhase section */
		27343F452059569B002140B8 /* Sources */ = {
			isa = PBXSourcesBuildPhase;
			buildActionMask = 2147483647;
			files = (
				279AA0DC2059A3FA008E4296 /* CarouselCustomPageControl.m in Sources */,
				2729E3BE2090D9490024A759 /* RightMenuTableViewController.m in Sources */,
				2729E3DD2090EBF50024A759 /* TeacherClassPreparViewController.m in Sources */,
				27A6CDE92059650B00D6A105 /* ACCircularProgressBarView.m in Sources */,
				2729E3B02090D24C0024A759 /* UIViewController+IPFUtils.m in Sources */,
				2729E3B62090D4800024A759 /* MMNavigationController.m in Sources */,
				2729E3D22090E00C0024A759 /* TeacherDashViewController.m in Sources */,
				2729E3B52090D4800024A759 /* UIViewController+MMDrawerController.m in Sources */,
				27343F5C2059569B002140B8 /* main.m in Sources */,
				27343F4E2059569B002140B8 /* AppDelegate.m in Sources */,
				2729E3CB2090DEDB0024A759 /* TeacherMenuTableViewController.m in Sources */,
				2729E3A52090C85D0024A759 /* MainNavigationController.m in Sources */,
				2729E3D72090E0A50024A759 /* TeacherClassDetailsViewController.m in Sources */,
				27343F6820595710002140B8 /* FatherDashboardViewController.m in Sources */,
				2729E3B92090D6110024A759 /* MMExampleDrawerVisualStateManager.m in Sources */,
			);
			runOnlyForDeploymentPostprocessing = 0;
		};
/* End PBXSourcesBuildPhase section */

/* Begin PBXVariantGroup section */
		27343F572059569B002140B8 /* LaunchScreen.storyboard */ = {
			isa = PBXVariantGroup;
			children = (
				27343F582059569B002140B8 /* Base */,
			);
			name = LaunchScreen.storyboard;
			sourceTree = "<group>";
		};
/* End PBXVariantGroup section */

/* Begin XCBuildConfiguration section */
		27343F5D2059569B002140B8 /* Debug */ = {
			isa = XCBuildConfiguration;
			buildSettings = {
				ALWAYS_SEARCH_USER_PATHS = NO;
				CLANG_ANALYZER_NONNULL = YES;
				CLANG_ANALYZER_NUMBER_OBJECT_CONVERSION = YES_AGGRESSIVE;
				CLANG_CXX_LANGUAGE_STANDARD = "gnu++14";
				CLANG_CXX_LIBRARY = "libc++";
				CLANG_ENABLE_MODULES = YES;
				CLANG_ENABLE_OBJC_ARC = YES;
				CLANG_WARN_BLOCK_CAPTURE_AUTORELEASING = YES;
				CLANG_WARN_BOOL_CONVERSION = YES;
				CLANG_WARN_COMMA = YES;
				CLANG_WARN_CONSTANT_CONVERSION = YES;
				CLANG_WARN_DIRECT_OBJC_ISA_USAGE = YES_ERROR;
				CLANG_WARN_DOCUMENTATION_COMMENTS = YES;
				CLANG_WARN_EMPTY_BODY = YES;
				CLANG_WARN_ENUM_CONVERSION = YES;
				CLANG_WARN_INFINITE_RECURSION = YES;
				CLANG_WARN_INT_CONVERSION = YES;
				CLANG_WARN_NON_LITERAL_NULL_CONVERSION = YES;
				CLANG_WARN_OBJC_LITERAL_CONVERSION = YES;
				CLANG_WARN_OBJC_ROOT_CLASS = YES_ERROR;
				CLANG_WARN_RANGE_LOOP_ANALYSIS = YES;
				CLANG_WARN_STRICT_PROTOTYPES = YES;
				CLANG_WARN_SUSPICIOUS_MOVE = YES;
				CLANG_WARN_UNGUARDED_AVAILABILITY = YES_AGGRESSIVE;
				CLANG_WARN_UNREACHABLE_CODE = YES;
				CLANG_WARN__DUPLICATE_METHOD_MATCH = YES;
				CODE_SIGN_IDENTITY = "iPhone Developer";
				COPY_PHASE_STRIP = NO;
				DEBUG_INFORMATION_FORMAT = dwarf;
				ENABLE_STRICT_OBJC_MSGSEND = YES;
				ENABLE_TESTABILITY = YES;
				GCC_C_LANGUAGE_STANDARD = gnu11;
				GCC_DYNAMIC_NO_PIC = NO;
				GCC_NO_COMMON_BLOCKS = YES;
				GCC_OPTIMIZATION_LEVEL = 0;
				GCC_PREPROCESSOR_DEFINITIONS = (
					"DEBUG=1",
					"$(inherited)",
				);
				GCC_WARN_64_TO_32_BIT_CONVERSION = YES;
				GCC_WARN_ABOUT_RETURN_TYPE = YES_ERROR;
				GCC_WARN_UNDECLARED_SELECTOR = YES;
				GCC_WARN_UNINITIALIZED_AUTOS = YES_AGGRESSIVE;
				GCC_WARN_UNUSED_FUNCTION = YES;
				GCC_WARN_UNUSED_VARIABLE = YES;
				IPHONEOS_DEPLOYMENT_TARGET = 11.2;
				MTL_ENABLE_DEBUG_INFO = YES;
				ONLY_ACTIVE_ARCH = YES;
				SDKROOT = iphoneos;
			};
			name = Debug;
		};
		27343F5E2059569B002140B8 /* Release */ = {
			isa = XCBuildConfiguration;
			buildSettings = {
				ALWAYS_SEARCH_USER_PATHS = NO;
				CLANG_ANALYZER_NONNULL = YES;
				CLANG_ANALYZER_NUMBER_OBJECT_CONVERSION = YES_AGGRESSIVE;
				CLANG_CXX_LANGUAGE_STANDARD = "gnu++14";
				CLANG_CXX_LIBRARY = "libc++";
				CLANG_ENABLE_MODULES = YES;
				CLANG_ENABLE_OBJC_ARC = YES;
				CLANG_WARN_BLOCK_CAPTURE_AUTORELEASING = YES;
				CLANG_WARN_BOOL_CONVERSION = YES;
				CLANG_WARN_COMMA = YES;
				CLANG_WARN_CONSTANT_CONVERSION = YES;
				CLANG_WARN_DIRECT_OBJC_ISA_USAGE = YES_ERROR;
				CLANG_WARN_DOCUMENTATION_COMMENTS = YES;
				CLANG_WARN_EMPTY_BODY = YES;
				CLANG_WARN_ENUM_CONVERSION = YES;
				CLANG_WARN_INFINITE_RECURSION = YES;
				CLANG_WARN_INT_CONVERSION = YES;
				CLANG_WARN_NON_LITERAL_NULL_CONVERSION = YES;
				CLANG_WARN_OBJC_LITERAL_CONVERSION = YES;
				CLANG_WARN_OBJC_ROOT_CLASS = YES_ERROR;
				CLANG_WARN_RANGE_LOOP_ANALYSIS = YES;
				CLANG_WARN_STRICT_PROTOTYPES = YES;
				CLANG_WARN_SUSPICIOUS_MOVE = YES;
				CLANG_WARN_UNGUARDED_AVAILABILITY = YES_AGGRESSIVE;
				CLANG_WARN_UNREACHABLE_CODE = YES;
				CLANG_WARN__DUPLICATE_METHOD_MATCH = YES;
				CODE_SIGN_IDENTITY = "iPhone Developer";
				COPY_PHASE_STRIP = NO;
				DEBUG_INFORMATION_FORMAT = "dwarf-with-dsym";
				ENABLE_NS_ASSERTIONS = NO;
				ENABLE_STRICT_OBJC_MSGSEND = YES;
				GCC_C_LANGUAGE_STANDARD = gnu11;
				GCC_NO_COMMON_BLOCKS = YES;
				GCC_WARN_64_TO_32_BIT_CONVERSION = YES;
				GCC_WARN_ABOUT_RETURN_TYPE = YES_ERROR;
				GCC_WARN_UNDECLARED_SELECTOR = YES;
				GCC_WARN_UNINITIALIZED_AUTOS = YES_AGGRESSIVE;
				GCC_WARN_UNUSED_FUNCTION = YES;
				GCC_WARN_UNUSED_VARIABLE = YES;
				IPHONEOS_DEPLOYMENT_TARGET = 11.2;
				MTL_ENABLE_DEBUG_INFO = NO;
				SDKROOT = iphoneos;
				VALIDATE_PRODUCT = YES;
			};
			name = Release;
		};
		27343F602059569B002140B8 /* Debug */ = {
			isa = XCBuildConfiguration;
			baseConfigurationReference = 258DEC24D7CE20217F61C758 /* Pods-i9 dashboard.debug.xcconfig */;
			buildSettings = {
				ASSETCATALOG_COMPILER_APPICON_NAME = AppIcon;
				CODE_SIGN_STYLE = Automatic;
				DEVELOPMENT_TEAM = B78RY88W9F;
				INFOPLIST_FILE = "i9 dashboard/Info.plist";
				LD_RUNPATH_SEARCH_PATHS = "$(inherited) @executable_path/Frameworks";
				PRODUCT_BUNDLE_IDENTIFIER = "com.rudneycamargo.br.i9-dashboard";
				PRODUCT_NAME = "$(TARGET_NAME)";
				TARGETED_DEVICE_FAMILY = "1,2";
			};
			name = Debug;
		};
		27343F612059569B002140B8 /* Release */ = {
			isa = XCBuildConfiguration;
			baseConfigurationReference = AE598A9BBEFCC36855253362 /* Pods-i9 dashboard.release.xcconfig */;
			buildSettings = {
				ASSETCATALOG_COMPILER_APPICON_NAME = AppIcon;
				CODE_SIGN_STYLE = Automatic;
				DEVELOPMENT_TEAM = B78RY88W9F;
				INFOPLIST_FILE = "i9 dashboard/Info.plist";
				LD_RUNPATH_SEARCH_PATHS = "$(inherited) @executable_path/Frameworks";
				PRODUCT_BUNDLE_IDENTIFIER = "com.rudneycamargo.br.i9-dashboard";
				PRODUCT_NAME = "$(TARGET_NAME)";
				TARGETED_DEVICE_FAMILY = "1,2";
			};
			name = Release;
		};
/* End XCBuildConfiguration section */

/* Begin XCConfigurationList section */
		27343F442059569A002140B8 /* Build configuration list for PBXProject "i9 dashboard" */ = {
			isa = XCConfigurationList;
			buildConfigurations = (
				27343F5D2059569B002140B8 /* Debug */,
				27343F5E2059569B002140B8 /* Release */,
			);
			defaultConfigurationIsVisible = 0;
			defaultConfigurationName = Release;
		};
		27343F5F2059569B002140B8 /* Build configuration list for PBXNativeTarget "i9 dashboard" */ = {
			isa = XCConfigurationList;
			buildConfigurations = (
				27343F602059569B002140B8 /* Debug */,
				27343F612059569B002140B8 /* Release */,
			);
			defaultConfigurationIsVisible = 0;
			defaultConfigurationName = Release;
		};
/* End XCConfigurationList section */
	};
	rootObject = 27343F412059569A002140B8 /* Project object */;
}
